
Microsoft Visual Studio Solution File, Format Version 12.00
# Visual Studio Version 17
VisualStudioVersion = 17.0.31903.59
MinimumVisualStudioVersion = 10.0.40219.1
Project("{FAE04EC0-301F-11D3-BF4B-00C04F79EFBC}") = "BlazorApp1", "BlazorApp1\BlazorApp1.csproj", "{46198941-F3B3-42E9-A48E-36226AB8DD28}"
EndProject
Project("{FAE04EC0-301F-11D3-BF4B-00C04F79EFBC}") = "BlazorApp1.Tests", "BlazorApp1.Tests\BlazorApp1.Tests.csproj", "{8C9372DB-6585-47EA-A15A-693B209ECE06}"
EndProject
Global
	GlobalSection(SolutionConfigurationPlatforms) = preSolution
		Debug|Any CPU = Debug|Any CPU
		Debug|x64 = Debug|x64
		Debug|x86 = Debug|x86
		Release|Any CPU = Release|Any CPU
		Release|x64 = Release|x64
		Release|x86 = Release|x86
	EndGlobalSection
	GlobalSection(ProjectConfigurationPlatforms) = postSolution
		{46198941-F3B3-42E9-A48E-36226AB8DD28}.Debug|Any CPU.ActiveCfg = Debug|Any CPU
		{46198941-F3B3-42E9-A48E-36226AB8DD28}.Debug|Any CPU.Build.0 = Debug|Any CPU
		{46198941-F3B3-42E9-A48E-36226AB8DD28}.Debug|x64.ActiveCfg = Debug|Any CPU
		{46198941-F3B3-42E9-A48E-36226AB8DD28}.Debug|x64.Build.0 = Debug|Any CPU
		{46198941-F3B3-42E9-A48E-36226AB8DD28}.Debug|x86.ActiveCfg = Debug|Any CPU
		{46198941-F3B3-42E9-A48E-36226AB8DD28}.Debug|x86.Build.0 = Debug|Any CPU
		{46198941-F3B3-42E9-A48E-36226AB8DD28}.Release|Any CPU.ActiveCfg = Release|Any CPU
		{46198941-F3B3-42E9-A48E-36226AB8DD28}.Release|Any CPU.Build.0 = Release|Any CPU
		{46198941-F3B3-42E9-A48E-36226AB8DD28}.Release|x64.ActiveCfg = Release|Any CPU
		{46198941-F3B3-42E9-A48E-36226AB8DD28}.Release|x64.Build.0 = Release|Any CPU
		{46198941-F3B3-42E9-A48E-36226AB8DD28}.Release|x86.ActiveCfg = Release|Any CPU
		{46198941-F3B3-42E9-A48E-36226AB8DD28}.Release|x86.Build.0 = Release|Any CPU
		{2E408A06-4028-4782-B78F-EE87D40A4C50}.Debug|Any CPU.ActiveCfg = Debug|Any CPU
		{2E408A06-4028-4782-B78F-EE87D40A4C50}.Debug|Any CPU.Build.0 = Debug|Any CPU
		{2E408A06-4028-4782-B78F-EE87D40A4C50}.Debug|x64.ActiveCfg = Debug|Any CPU
		{2E408A06-4028-4782-B78F-EE87D40A4C50}.Debug|x64.Build.0 = Debug|Any CPU
		{2E408A06-4028-4782-B78F-EE87D40A4C50}.Debug|x86.ActiveCfg = Debug|Any CPU
		{2E408A06-4028-4782-B78F-EE87D40A4C50}.Debug|x86.Build.0 = Debug|Any CPU
		{2E408A06-4028-4782-B78F-EE87D40A4C50}.Release|Any CPU.ActiveCfg = Release|Any CPU
		{2E408A06-4028-4782-B78F-EE87D40A4C50}.Release|Any CPU.Build.0 = Release|Any CPU
		{2E408A06-4028-4782-B78F-EE87D40A4C50}.Release|x64.ActiveCfg = Release|Any CPU
		{2E408A06-4028-4782-B78F-EE87D40A4C50}.Release|x64.Build.0 = Release|Any CPU
		{2E408A06-4028-4782-B78F-EE87D40A4C50}.Release|x86.ActiveCfg = Release|Any CPU
		{2E408A06-4028-4782-B78F-EE87D40A4C50}.Release|x86.Build.0 = Release|Any CPU
		{8C9372DB-6585-47EA-A15A-693B209ECE06}.Debug|Any CPU.ActiveCfg = Debug|Any CPU
		{8C9372DB-6585-47EA-A15A-693B209ECE06}.Debug|Any CPU.Build.0 = Debug|Any CPU
		{8C9372DB-6585-47EA-A15A-693B209ECE06}.Debug|x64.ActiveCfg = Debug|Any CPU
		{8C9372DB-6585-47EA-A15A-693B209ECE06}.Debug|x64.Build.0 = Debug|Any CPU
		{8C9372DB-6585-47EA-A15A-693B209ECE06}.Debug|x86.ActiveCfg = Debug|Any CPU
		{8C9372DB-6585-47EA-A15A-693B209ECE06}.Debug|x86.Build.0 = Debug|Any CPU
		{8C9372DB-6585-47EA-A15A-693B209ECE06}.Release|Any CPU.ActiveCfg = Release|Any CPU
		{8C9372DB-6585-47EA-A15A-693B209ECE06}.Release|Any CPU.Build.0 = Release|Any CPU
		{8C9372DB-6585-47EA-A15A-693B209ECE06}.Release|x64.ActiveCfg = Release|Any CPU
		{8C9372DB-6585-47EA-A15A-693B209ECE06}.Release|x64.Build.0 = Release|Any CPU
		{8C9372DB-6585-47EA-A15A-693B209ECE06}.Release|x86.ActiveCfg = Release|Any CPU
		{8C9372DB-6585-47EA-A15A-693B209ECE06}.Release|x86.Build.0 = Release|Any CPU
	EndGlobalSection
	GlobalSection(SolutionProperties) = preSolution
		HideSolutionNode = FALSE
	EndGlobalSection
EndGlobal
