Microsoft Visual Studio Solution File, Format Version 12.00
# Visual Studio Version 17
VisualStudioVersion = 17.5.2.0
MinimumVisualStudioVersion = 10.0.40219.1
Project("{FAE04EC0-301F-11D3-BF4B-00C04F79EFBC}") = "CommLifecycle.Api.Tests", "CommLifecycle.Api.Tests.csproj", "{B03AFEFD-C74C-3784-D6F4-1E3B4CE453C6}"
EndProject
Global
	GlobalSection(SolutionConfigurationPlatforms) = preSolution
		Debug|Any CPU = Debug|Any CPU
		Release|Any CPU = Release|Any CPU
	EndGlobalSection
	GlobalSection(ProjectConfigurationPlatforms) = postSolution
		{B03AFEFD-C74C-3784-D6F4-1E3B4CE453C6}.Debug|Any CPU.ActiveCfg = Debug|Any CPU
		{B03AFEFD-C74C-3784-D6F4-1E3B4CE453C6}.Debug|Any CPU.Build.0 = Debug|Any CPU
		{B03AFEFD-C74C-3784-D6F4-1E3B4CE453C6}.Release|Any CPU.ActiveCfg = Release|Any CPU
		{B03AFEFD-C74C-3784-D6F4-1E3B4CE453C6}.Release|Any CPU.Build.0 = Release|Any CPU
	EndGlobalSection
	GlobalSection(SolutionProperties) = preSolution
		HideSolutionNode = FALSE
	EndGlobalSection
	GlobalSection(ExtensibilityGlobals) = postSolution
		SolutionGuid = {A7FDF536-71E6-4F82-867C-8DBD33AA7E6C}
	EndGlobalSection
EndGlobal
